
Microsoft Visual Studio Solution File, Format Version 12.00
# Visual Studio Version 17
VisualStudioVersion = 17.3.32929.385
MinimumVisualStudioVersion = 10.0.40219.1
Project("{FAE04EC0-301F-11D3-BF4B-00C04F79EFBC}") = "DnBuild", "DnBuild.csproj", "{1F207263-2035-4A83-A0B4-742A621229A4}"
EndProject
Project("{FAE04EC0-301F-11D3-BF4B-00C04F79EFBC}") = "DnBuilder", "..\DnBuilder\DnBuilder.csproj", "{B1F935C2-D55A-4639-AF8A-F0BAC634867D}"
EndProject
Global
	GlobalSection(SolutionConfigurationPlatforms) = preSolution
		Debug|Any CPU = Debug|Any CPU
		Release|Any CPU = Release|Any CPU
	EndGlobalSection
	GlobalSection(ProjectConfigurationPlatforms) = postSolution
		{1F207263-2035-4A83-A0B4-742A621229A4}.Debug|Any CPU.ActiveCfg = Debug|Any CPU
		{1F207263-2035-4A83-A0B4-742A621229A4}.Debug|Any CPU.Build.0 = Debug|Any CPU
		{1F207263-2035-4A83-A0B4-742A621229A4}.Release|Any CPU.ActiveCfg = Release|Any CPU
		{1F207263-2035-4A83-A0B4-742A621229A4}.Release|Any CPU.Build.0 = Release|Any CPU
		{B1F935C2-D55A-4639-AF8A-F0BAC634867D}.Debug|Any CPU.ActiveCfg = Debug|Any CPU
		{B1F935C2-D55A-4639-AF8A-F0BAC634867D}.Debug|Any CPU.Build.0 = Debug|Any CPU
		{B1F935C2-D55A-4639-AF8A-F0BAC634867D}.Release|Any CPU.ActiveCfg = Release|Any CPU
		{B1F935C2-D55A-4639-AF8A-F0BAC634867D}.Release|Any CPU.Build.0 = Release|Any CPU
	EndGlobalSection
	GlobalSection(SolutionProperties) = preSolution
		HideSolutionNode = FALSE
	EndGlobalSection
	GlobalSection(ExtensibilityGlobals) = postSolution
		SolutionGuid = {6411302B-DB12-4CC8-8EC5-ED3E9D4C8911}
	EndGlobalSection
EndGlobal
